
Microsoft Visual Studio Solution File, Format Version 12.00
# Visual Studio Version 16
VisualStudioVersion = 16.0.32510.428
MinimumVisualStudioVersion = 10.0.40219.1
Project("{FAE04EC0-301F-11D3-BF4B-00C04F79EFBC}") = "ProgramacionOO_9", "ProgramacionOO_9.csproj", "{57DD47FC-3305-44A4-A1F3-756FD2E4C021}"
EndProject
Global
	GlobalSection(SolutionConfigurationPlatforms) = preSolution
		Debug|Any CPU = Debug|Any CPU
		Release|Any CPU = Release|Any CPU
	EndGlobalSection
	GlobalSection(ProjectConfigurationPlatforms) = postSolution
		{57DD47FC-3305-44A4-A1F3-756FD2E4C021}.Debug|Any CPU.ActiveCfg = Debug|Any CPU
		{57DD47FC-3305-44A4-A1F3-756FD2E4C021}.Debug|Any CPU.Build.0 = Debug|Any CPU
		{57DD47FC-3305-44A4-A1F3-756FD2E4C021}.Release|Any CPU.ActiveCfg = Release|Any CPU
		{57DD47FC-3305-44A4-A1F3-756FD2E4C021}.Release|Any CPU.Build.0 = Release|Any CPU
	EndGlobalSection
	GlobalSection(SolutionProperties) = preSolution
		HideSolutionNode = FALSE
	EndGlobalSection
	GlobalSection(ExtensibilityGlobals) = postSolution
		SolutionGuid = {A29A1264-6CD9-4141-838A-CD8AF10A943D}
	EndGlobalSection
EndGlobal
